
Microsoft Visual Studio Solution File, Format Version 12.00
# Visual Studio Version 16
VisualStudioVersion = 16.0.29123.88
MinimumVisualStudioVersion = 10.0.40219.1
Project("{9A19103F-16F7-4668-BE54-9A1E7A4F7556}") = "HelloWorld", "HelloWorld\HelloWorld.csproj", "{F2DB02D5-E287-477A-9E8E-CE8659420B65}"
EndProject
Global
	GlobalSection(SolutionConfigurationPlatforms) = preSolution
		Debug|Any CPU = Debug|Any CPU
		Release|Any CPU = Release|Any CPU
	EndGlobalSection
	GlobalSection(ProjectConfigurationPlatforms) = postSolution
		{F2DB02D5-E287-477A-9E8E-CE8659420B65}.Debug|Any CPU.ActiveCfg = Debug|Any CPU
		{F2DB02D5-E287-477A-9E8E-CE8659420B65}.Debug|Any CPU.Build.0 = Debug|Any CPU
		{F2DB02D5-E287-477A-9E8E-CE8659420B65}.Release|Any CPU.ActiveCfg = Release|Any CPU
		{F2DB02D5-E287-477A-9E8E-CE8659420B65}.Release|Any CPU.Build.0 = Release|Any CPU
	EndGlobalSection
	GlobalSection(SolutionProperties) = preSolution
		HideSolutionNode = FALSE
	EndGlobalSection
	GlobalSection(ExtensibilityGlobals) = postSolution
		SolutionGuid = {4FC4A886-2B54-4AE7-96C9-E34718A8800B}
	EndGlobalSection
EndGlobal
